
Microsoft Visual Studio Solution File, Format Version 12.00
# Visual Studio Version 16
VisualStudioVersion = 16.0.31205.134
MinimumVisualStudioVersion = 10.0.40219.1
Project("{FAE04EC0-301F-11D3-BF4B-00C04F79EFBC}") = "Solitaire_spider", "Solitaire_spider\Solitaire_spider.csproj", "{5F4A0441-DC0D-421A-A99E-D33B45C12A77}"
EndProject
Global
	GlobalSection(SolutionConfigurationPlatforms) = preSolution
		Debug|Any CPU = Debug|Any CPU
		Release|Any CPU = Release|Any CPU
	EndGlobalSection
	GlobalSection(ProjectConfigurationPlatforms) = postSolution
		{5F4A0441-DC0D-421A-A99E-D33B45C12A77}.Debug|Any CPU.ActiveCfg = Debug|Any CPU
		{5F4A0441-DC0D-421A-A99E-D33B45C12A77}.Debug|Any CPU.Build.0 = Debug|Any CPU
		{5F4A0441-DC0D-421A-A99E-D33B45C12A77}.Release|Any CPU.ActiveCfg = Release|Any CPU
		{5F4A0441-DC0D-421A-A99E-D33B45C12A77}.Release|Any CPU.Build.0 = Release|Any CPU
	EndGlobalSection
	GlobalSection(SolutionProperties) = preSolution
		HideSolutionNode = FALSE
	EndGlobalSection
	GlobalSection(ExtensibilityGlobals) = postSolution
		SolutionGuid = {E3823852-B0A5-4E6F-88DA-F1BC70B570DA}
	EndGlobalSection
EndGlobal
